
Microsoft Visual Studio Solution File, Format Version 12.00
# Visual Studio Version 16
VisualStudioVersion = 16.0.35325.158
MinimumVisualStudioVersion = 10.0.40219.1
Project("{FAE04EC0-301F-11D3-BF4B-00C04F79EFBC}") = "Lab3_1", "Lab3_1\Lab3_1.csproj", "{8615599B-6A93-4E03-9262-F27060A12039}"
EndProject
Global
	GlobalSection(SolutionConfigurationPlatforms) = preSolution
		Debug|Any CPU = Debug|Any CPU
		Release|Any CPU = Release|Any CPU
	EndGlobalSection
	GlobalSection(ProjectConfigurationPlatforms) = postSolution
		{8615599B-6A93-4E03-9262-F27060A12039}.Debug|Any CPU.ActiveCfg = Debug|Any CPU
		{8615599B-6A93-4E03-9262-F27060A12039}.Debug|Any CPU.Build.0 = Debug|Any CPU
		{8615599B-6A93-4E03-9262-F27060A12039}.Release|Any CPU.ActiveCfg = Release|Any CPU
		{8615599B-6A93-4E03-9262-F27060A12039}.Release|Any CPU.Build.0 = Release|Any CPU
	EndGlobalSection
	GlobalSection(SolutionProperties) = preSolution
		HideSolutionNode = FALSE
	EndGlobalSection
	GlobalSection(ExtensibilityGlobals) = postSolution
		SolutionGuid = {2AD0D65B-6DA6-4BBC-A4A4-A3F807560C16}
	EndGlobalSection
EndGlobal
